
Microsoft Visual Studio Solution File, Format Version 12.00
# Visual Studio Version 17
VisualStudioVersion = 17.6.33723.286
MinimumVisualStudioVersion = 10.0.40219.1
Project("{FAE04EC0-301F-11D3-BF4B-00C04F79EFBC}") = "AltaBancaApi", "AltaBancaApi.csproj", "{64961C97-46B0-4755-8827-8095D22F32FF}"
EndProject
Global
	GlobalSection(SolutionConfigurationPlatforms) = preSolution
		Debug|Any CPU = Debug|Any CPU
		Release|Any CPU = Release|Any CPU
	EndGlobalSection
	GlobalSection(ProjectConfigurationPlatforms) = postSolution
		{64961C97-46B0-4755-8827-8095D22F32FF}.Debug|Any CPU.ActiveCfg = Debug|Any CPU
		{64961C97-46B0-4755-8827-8095D22F32FF}.Debug|Any CPU.Build.0 = Debug|Any CPU
		{64961C97-46B0-4755-8827-8095D22F32FF}.Release|Any CPU.ActiveCfg = Release|Any CPU
		{64961C97-46B0-4755-8827-8095D22F32FF}.Release|Any CPU.Build.0 = Release|Any CPU
	EndGlobalSection
	GlobalSection(SolutionProperties) = preSolution
		HideSolutionNode = FALSE
	EndGlobalSection
	GlobalSection(ExtensibilityGlobals) = postSolution
		SolutionGuid = {DD372F96-780B-4F0C-8C38-068A0FCF19CA}
	EndGlobalSection
EndGlobal
